// !$*UTF8*$!
{
	archiveVersion = 1;
	classes = {
	};
	objectVersion = 50;
	objects = {

/* Begin PBXBuildFile section */
		1023A8C625AA9B770035968F /* NaviLinkView.swift in Sources */ = {isa = PBXBuildFile; fileRef = 1023A8C525AA9B770035968F /* NaviLinkView.swift */; };
		1023A8C925AAA52A0035968F /* Extensions.swift in Sources */ = {isa = PBXBuildFile; fileRef = 1023A8C825AAA52A0035968F /* Extensions.swift */; };
		1023A8CE25AAA6380035968F /* Book1.json in Resources */ = {isa = PBXBuildFile; fileRef = 1023A8CD25AAA5AC0035968F /* Book1.json */; };
		104B54C425A9376300C478ED /* SwiftUINavigationApp.swift in Sources */ = {isa = PBXBuildFile; fileRef = 104B54C325A9376300C478ED /* SwiftUINavigationApp.swift */; };
		104B54C625A9376300C478ED /* Example1.swift in Sources */ = {isa = PBXBuildFile; fileRef = 104B54C525A9376300C478ED /* Example1.swift */; };
		104B54C825A9376400C478ED /* Assets.xcassets in Resources */ = {isa = PBXBuildFile; fileRef = 104B54C725A9376400C478ED /* Assets.xcassets */; };
		104B54CB25A9376400C478ED /* Preview Assets.xcassets in Resources */ = {isa = PBXBuildFile; fileRef = 104B54CA25A9376400C478ED /* Preview Assets.xcassets */; };
		104D0D8525A95AAB00128CC0 /* InfoView.swift in Sources */ = {isa = PBXBuildFile; fileRef = 104D0D8425A95AAB00128CC0 /* InfoView.swift */; };
		104D0D8825A95FA300128CC0 /* Example2.swift in Sources */ = {isa = PBXBuildFile; fileRef = 104D0D8725A95FA300128CC0 /* Example2.swift */; };
		104D0D8D25A9925000128CC0 /* DetailView.swift in Sources */ = {isa = PBXBuildFile; fileRef = 104D0D8C25A9925000128CC0 /* DetailView.swift */; };
		104D0D9125A9962800128CC0 /* Example3.swift in Sources */ = {isa = PBXBuildFile; fileRef = 104D0D9025A9962800128CC0 /* Example3.swift */; };
		10BA34BA25BA57BD00346703 /* Example4.swift in Sources */ = {isa = PBXBuildFile; fileRef = 10BA34B925BA57BD00346703 /* Example4.swift */; };
		10BA34C325BCFD3100346703 /* Menu.swift in Sources */ = {isa = PBXBuildFile; fileRef = 10BA34C225BCFD3100346703 /* Menu.swift */; };
		10BA34C725BD03A600346703 /* Menu.json in Resources */ = {isa = PBXBuildFile; fileRef = 10BA34C525BCFF4900346703 /* Menu.json */; };
		10BA34CB25BD23BF00346703 /* NavBarVersionModifier.swift in Sources */ = {isa = PBXBuildFile; fileRef = 10BA34CA25BD23BE00346703 /* NavBarVersionModifier.swift */; };
		10BA34CE25BD23FD00346703 /* CustomBackButtonModifier.swift in Sources */ = {isa = PBXBuildFile; fileRef = 10BA34CD25BD23FD00346703 /* CustomBackButtonModifier.swift */; };
		10BA34D125BD242B00346703 /* NavigationBarConfigModifier.swift in Sources */ = {isa = PBXBuildFile; fileRef = 10BA34D025BD242B00346703 /* NavigationBarConfigModifier.swift */; };
		10BA34D425BD245500346703 /* WithNavigationViewWrapperModifier.swift in Sources */ = {isa = PBXBuildFile; fileRef = 10BA34D325BD245500346703 /* WithNavigationViewWrapperModifier.swift */; };
		10BA34D725BD5F2200346703 /* View1.swift in Sources */ = {isa = PBXBuildFile; fileRef = 10BA34D625BD5F2200346703 /* View1.swift */; };
		10BA34DA25BD5F5700346703 /* View2.swift in Sources */ = {isa = PBXBuildFile; fileRef = 10BA34D925BD5F5700346703 /* View2.swift */; };
		10EB29CF25C2593D002D250E /* Screen1.swift in Sources */ = {isa = PBXBuildFile; fileRef = 10EB29CE25C2593D002D250E /* Screen1.swift */; };
		10EB29D225C259C1002D250E /* Screen2.swift in Sources */ = {isa = PBXBuildFile; fileRef = 10EB29D125C259C1002D250E /* Screen2.swift */; };
		10EB29D525C25ED6002D250E /* Screen3.swift in Sources */ = {isa = PBXBuildFile; fileRef = 10EB29D425C25ED6002D250E /* Screen3.swift */; };
		10EB29D825C26A9C002D250E /* Screen4.swift in Sources */ = {isa = PBXBuildFile; fileRef = 10EB29D725C26A9C002D250E /* Screen4.swift */; };
/* End PBXBuildFile section */

/* Begin PBXFileReference section */
		1023A8C525AA9B770035968F /* NaviLinkView.swift */ = {isa = PBXFileReference; lastKnownFileType = sourcecode.swift; path = NaviLinkView.swift; sourceTree = "<group>"; };
		1023A8C825AAA52A0035968F /* Extensions.swift */ = {isa = PBXFileReference; lastKnownFileType = sourcecode.swift; path = Extensions.swift; sourceTree = "<group>"; };
		1023A8CD25AAA5AC0035968F /* Book1.json */ = {isa = PBXFileReference; lastKnownFileType = text.json; path = Book1.json; sourceTree = "<group>"; };
		104B54C025A9376300C478ED /* SwiftUINavigation.app */ = {isa = PBXFileReference; explicitFileType = wrapper.application; includeInIndex = 0; path = SwiftUINavigation.app; sourceTree = BUILT_PRODUCTS_DIR; };
		104B54C325A9376300C478ED /* SwiftUINavigationApp.swift */ = {isa = PBXFileReference; lastKnownFileType = sourcecode.swift; path = SwiftUINavigationApp.swift; sourceTree = "<group>"; };
		104B54C525A9376300C478ED /* Example1.swift */ = {isa = PBXFileReference; lastKnownFileType = sourcecode.swift; path = Example1.swift; sourceTree = "<group>"; };
		104B54C725A9376400C478ED /* Assets.xcassets */ = {isa = PBXFileReference; lastKnownFileType = folder.assetcatalog; path = Assets.xcassets; sourceTree = "<group>"; };
		104B54CA25A9376400C478ED /* Preview Assets.xcassets */ = {isa = PBXFileReference; lastKnownFileType = folder.assetcatalog; path = "Preview Assets.xcassets"; sourceTree = "<group>"; };
		104B54CC25A9376400C478ED /* Info.plist */ = {isa = PBXFileReference; lastKnownFileType = text.plist.xml; path = Info.plist; sourceTree = "<group>"; };
		104D0D8425A95AAB00128CC0 /* InfoView.swift */ = {isa = PBXFileReference; lastKnownFileType = sourcecode.swift; path = InfoView.swift; sourceTree = "<group>"; };
		104D0D8725A95FA300128CC0 /* Example2.swift */ = {isa = PBXFileReference; lastKnownFileType = sourcecode.swift; path = Example2.swift; sourceTree = "<group>"; };
		104D0D8C25A9925000128CC0 /* DetailView.swift */ = {isa = PBXFileReference; lastKnownFileType = sourcecode.swift; path = DetailView.swift; sourceTree = "<group>"; };
		104D0D9025A9962800128CC0 /* Example3.swift */ = {isa = PBXFileReference; lastKnownFileType = sourcecode.swift; path = Example3.swift; sourceTree = "<group>"; };
		10BA34B925BA57BD00346703 /* Example4.swift */ = {isa = PBXFileReference; lastKnownFileType = sourcecode.swift; path = Example4.swift; sourceTree = "<group>"; };
		10BA34C225BCFD3100346703 /* Menu.swift */ = {isa = PBXFileReference; lastKnownFileType = sourcecode.swift; path = Menu.swift; sourceTree = "<group>"; };
		10BA34C525BCFF4900346703 /* Menu.json */ = {isa = PBXFileReference; lastKnownFileType = text.json; path = Menu.json; sourceTree = "<group>"; };
		10BA34CA25BD23BE00346703 /* NavBarVersionModifier.swift */ = {isa = PBXFileReference; lastKnownFileType = sourcecode.swift; path = NavBarVersionModifier.swift; sourceTree = "<group>"; };
		10BA34CD25BD23FD00346703 /* CustomBackButtonModifier.swift */ = {isa = PBXFileReference; lastKnownFileType = sourcecode.swift; path = CustomBackButtonModifier.swift; sourceTree = "<group>"; };
		10BA34D025BD242B00346703 /* NavigationBarConfigModifier.swift */ = {isa = PBXFileReference; lastKnownFileType = sourcecode.swift; path = NavigationBarConfigModifier.swift; sourceTree = "<group>"; };
		10BA34D325BD245500346703 /* WithNavigationViewWrapperModifier.swift */ = {isa = PBXFileReference; lastKnownFileType = sourcecode.swift; path = WithNavigationViewWrapperModifier.swift; sourceTree = "<group>"; };
		10BA34D625BD5F2200346703 /* View1.swift */ = {isa = PBXFileReference; lastKnownFileType = sourcecode.swift; path = View1.swift; sourceTree = "<group>"; };
		10BA34D925BD5F5700346703 /* View2.swift */ = {isa = PBXFileReference; lastKnownFileType = sourcecode.swift; path = View2.swift; sourceTree = "<group>"; };
		10EB29CE25C2593D002D250E /* Screen1.swift */ = {isa = PBXFileReference; lastKnownFileType = sourcecode.swift; path = Screen1.swift; sourceTree = "<group>"; };
		10EB29D125C259C1002D250E /* Screen2.swift */ = {isa = PBXFileReference; lastKnownFileType = sourcecode.swift; path = Screen2.swift; sourceTree = "<group>"; };
		10EB29D425C25ED6002D250E /* Screen3.swift */ = {isa = PBXFileReference; lastKnownFileType = sourcecode.swift; path = Screen3.swift; sourceTree = "<group>"; };
		10EB29D725C26A9C002D250E /* Screen4.swift */ = {isa = PBXFileReference; lastKnownFileType = sourcecode.swift; path = Screen4.swift; sourceTree = "<group>"; };
/* End PBXFileReference section */

/* Begin PBXFrameworksBuildPhase section */
		104B54BD25A9376300C478ED /* Frameworks */ = {
			isa = PBXFrameworksBuildPhase;
			buildActionMask = 2147483647;
			files = (
			);
			runOnlyForDeploymentPostprocessing = 0;
		};
/* End PBXFrameworksBuildPhase section */

/* Begin PBXGroup section */
		104B54B725A9376300C478ED = {
			isa = PBXGroup;
			children = (
				104B54C225A9376300C478ED /* SwiftUINavigation */,
				104B54C125A9376300C478ED /* Products */,
			);
			sourceTree = "<group>";
		};
		104B54C125A9376300C478ED /* Products */ = {
			isa = PBXGroup;
			children = (
				104B54C025A9376300C478ED /* SwiftUINavigation.app */,
			);
			name = Products;
			sourceTree = "<group>";
		};
		104B54C225A9376300C478ED /* SwiftUINavigation */ = {
			isa = PBXGroup;
			children = (
				10BA34C925BD238B00346703 /* customModifiers */,
				104B54C325A9376300C478ED /* SwiftUINavigationApp.swift */,
				104B54C525A9376300C478ED /* Example1.swift */,
				104D0D8725A95FA300128CC0 /* Example2.swift */,
				10BA34B925BA57BD00346703 /* Example4.swift */,
				10BA34C225BCFD3100346703 /* Menu.swift */,
				104D0D9025A9962800128CC0 /* Example3.swift */,
				104D0D8425A95AAB00128CC0 /* InfoView.swift */,
				10BA34D625BD5F2200346703 /* View1.swift */,
				10BA34D925BD5F5700346703 /* View2.swift */,
				10EB29CE25C2593D002D250E /* Screen1.swift */,
				10EB29D125C259C1002D250E /* Screen2.swift */,
				10EB29D425C25ED6002D250E /* Screen3.swift */,
				10EB29D725C26A9C002D250E /* Screen4.swift */,
				1023A8C525AA9B770035968F /* NaviLinkView.swift */,
				104D0D8C25A9925000128CC0 /* DetailView.swift */,
				1023A8CD25AAA5AC0035968F /* Book1.json */,
				10BA34C525BCFF4900346703 /* Menu.json */,
				1023A8C825AAA52A0035968F /* Extensions.swift */,
				104B54C725A9376400C478ED /* Assets.xcassets */,
				104B54CC25A9376400C478ED /* Info.plist */,
				104B54C925A9376400C478ED /* Preview Content */,
			);
			path = SwiftUINavigation;
			sourceTree = "<group>";
		};
		104B54C925A9376400C478ED /* Preview Content */ = {
			isa = PBXGroup;
			children = (
				104B54CA25A9376400C478ED /* Preview Assets.xcassets */,
			);
			path = "Preview Content";
			sourceTree = "<group>";
		};
		10BA34C925BD238B00346703 /* customModifiers */ = {
			isa = PBXGroup;
			children = (
				10BA34CA25BD23BE00346703 /* NavBarVersionModifier.swift */,
				10BA34CD25BD23FD00346703 /* CustomBackButtonModifier.swift */,
				10BA34D025BD242B00346703 /* NavigationBarConfigModifier.swift */,
				10BA34D325BD245500346703 /* WithNavigationViewWrapperModifier.swift */,
			);
			path = customModifiers;
			sourceTree = "<group>";
		};
/* End PBXGroup section */

/* Begin PBXNativeTarget section */
		104B54BF25A9376300C478ED /* SwiftUINavigation */ = {
			isa = PBXNativeTarget;
			buildConfigurationList = 104B54CF25A9376400C478ED /* Build configuration list for PBXNativeTarget "SwiftUINavigation" */;
			buildPhases = (
				104B54BC25A9376300C478ED /* Sources */,
				104B54BD25A9376300C478ED /* Frameworks */,
				104B54BE25A9376300C478ED /* Resources */,
			);
			buildRules = (
			);
			dependencies = (
			);
			name = SwiftUINavigation;
			productName = SwiftUINavigation;
			productReference = 104B54C025A9376300C478ED /* SwiftUINavigation.app */;
			productType = "com.apple.product-type.application";
		};
/* End PBXNativeTarget section */

/* Begin PBXProject section */
		104B54B825A9376300C478ED /* Project object */ = {
			isa = PBXProject;
			attributes = {
				LastSwiftUpdateCheck = 1220;
				LastUpgradeCheck = 1220;
				TargetAttributes = {
					104B54BF25A9376300C478ED = {
						CreatedOnToolsVersion = 12.2;
					};
				};
			};
			buildConfigurationList = 104B54BB25A9376300C478ED /* Build configuration list for PBXProject "SwiftUINavigation" */;
			compatibilityVersion = "Xcode 9.3";
			developmentRegion = en;
			hasScannedForEncodings = 0;
			knownRegions = (
				en,
				Base,
			);
			mainGroup = 104B54B725A9376300C478ED;
			productRefGroup = 104B54C125A9376300C478ED /* Products */;
			projectDirPath = "";
			projectRoot = "";
			targets = (
				104B54BF25A9376300C478ED /* SwiftUINavigation */,
			);
		};
/* End PBXProject section */

/* Begin PBXResourcesBuildPhase section */
		104B54BE25A9376300C478ED /* Resources */ = {
			isa = PBXResourcesBuildPhase;
			buildActionMask = 2147483647;
			files = (
				10BA34C725BD03A600346703 /* Menu.json in Resources */,
				1023A8CE25AAA6380035968F /* Book1.json in Resources */,
				104B54CB25A9376400C478ED /* Preview Assets.xcassets in Resources */,
				104B54C825A9376400C478ED /* Assets.xcassets in Resources */,
			);
			runOnlyForDeploymentPostprocessing = 0;
		};
/* End PBXResourcesBuildPhase section */

/* Begin PBXSourcesBuildPhase section */
		104B54BC25A9376300C478ED /* Sources */ = {
			isa = PBXSourcesBuildPhase;
			buildActionMask = 2147483647;
			files = (
				104D0D9125A9962800128CC0 /* Example3.swift in Sources */,
				10BA34D425BD245500346703 /* WithNavigationViewWrapperModifier.swift in Sources */,
				104D0D8825A95FA300128CC0 /* Example2.swift in Sources */,
				10BA34DA25BD5F5700346703 /* View2.swift in Sources */,
				10BA34CB25BD23BF00346703 /* NavBarVersionModifier.swift in Sources */,
				10EB29CF25C2593D002D250E /* Screen1.swift in Sources */,
				10EB29D525C25ED6002D250E /* Screen3.swift in Sources */,
				10EB29D225C259C1002D250E /* Screen2.swift in Sources */,
				10BA34D725BD5F2200346703 /* View1.swift in Sources */,
				104B54C625A9376300C478ED /* Example1.swift in Sources */,
				10BA34CE25BD23FD00346703 /* CustomBackButtonModifier.swift in Sources */,
				1023A8C925AAA52A0035968F /* Extensions.swift in Sources */,
				10BA34D125BD242B00346703 /* NavigationBarConfigModifier.swift in Sources */,
				10BA34C325BCFD3100346703 /* Menu.swift in Sources */,
				104D0D8525A95AAB00128CC0 /* InfoView.swift in Sources */,
				1023A8C625AA9B770035968F /* NaviLinkView.swift in Sources */,
				10EB29D825C26A9C002D250E /* Screen4.swift in Sources */,
				104D0D8D25A9925000128CC0 /* DetailView.swift in Sources */,
				10BA34BA25BA57BD00346703 /* Example4.swift in Sources */,
				104B54C425A9376300C478ED /* SwiftUINavigationApp.swift in Sources */,
			);
			runOnlyForDeploymentPostprocessing = 0;
		};
/* End PBXSourcesBuildPhase section */

/* Begin XCBuildConfiguration section */
		104B54CD25A9376400C478ED /* Debug */ = {
			isa = XCBuildConfiguration;
			buildSettings = {
				ALWAYS_SEARCH_USER_PATHS = NO;
				CLANG_ANALYZER_NONNULL = YES;
				CLANG_ANALYZER_NUMBER_OBJECT_CONVERSION = YES_AGGRESSIVE;
				CLANG_CXX_LANGUAGE_STANDARD = "gnu++14";
				CLANG_CXX_LIBRARY = "libc++";
				CLANG_ENABLE_MODULES = YES;
				CLANG_ENABLE_OBJC_ARC = YES;
				CLANG_ENABLE_OBJC_WEAK = YES;
				CLANG_WARN_BLOCK_CAPTURE_AUTORELEASING = YES;
				CLANG_WARN_BOOL_CONVERSION = YES;
				CLANG_WARN_COMMA = YES;
				CLANG_WARN_CONSTANT_CONVERSION = YES;
				CLANG_WARN_DEPRECATED_OBJC_IMPLEMENTATIONS = YES;
				CLANG_WARN_DIRECT_OBJC_ISA_USAGE = YES_ERROR;
				CLANG_WARN_DOCUMENTATION_COMMENTS = YES;
				CLANG_WARN_EMPTY_BODY = YES;
				CLANG_WARN_ENUM_CONVERSION = YES;
				CLANG_WARN_INFINITE_RECURSION = YES;
				CLANG_WARN_INT_CONVERSION = YES;
				CLANG_WARN_NON_LITERAL_NULL_CONVERSION = YES;
				CLANG_WARN_OBJC_IMPLICIT_RETAIN_SELF = YES;
				CLANG_WARN_OBJC_LITERAL_CONVERSION = YES;
				CLANG_WARN_OBJC_ROOT_CLASS = YES_ERROR;
				CLANG_WARN_QUOTED_INCLUDE_IN_FRAMEWORK_HEADER = YES;
				CLANG_WARN_RANGE_LOOP_ANALYSIS = YES;
				CLANG_WARN_STRICT_PROTOTYPES = YES;
				CLANG_WARN_SUSPICIOUS_MOVE = YES;
				CLANG_WARN_UNGUARDED_AVAILABILITY = YES_AGGRESSIVE;
				CLANG_WARN_UNREACHABLE_CODE = YES;
				CLANG_WARN__DUPLICATE_METHOD_MATCH = YES;
				COPY_PHASE_STRIP = NO;
				DEBUG_INFORMATION_FORMAT = dwarf;
				ENABLE_STRICT_OBJC_MSGSEND = YES;
				ENABLE_TESTABILITY = YES;
				GCC_C_LANGUAGE_STANDARD = gnu11;
				GCC_DYNAMIC_NO_PIC = NO;
				GCC_NO_COMMON_BLOCKS = YES;
				GCC_OPTIMIZATION_LEVEL = 0;
				GCC_PREPROCESSOR_DEFINITIONS = (
					"DEBUG=1",
					"$(inherited)",
				);
				GCC_WARN_64_TO_32_BIT_CONVERSION = YES;
				GCC_WARN_ABOUT_RETURN_TYPE = YES_ERROR;
				GCC_WARN_UNDECLARED_SELECTOR = YES;
				GCC_WARN_UNINITIALIZED_AUTOS = YES_AGGRESSIVE;
				GCC_WARN_UNUSED_FUNCTION = YES;
				GCC_WARN_UNUSED_VARIABLE = YES;
				IPHONEOS_DEPLOYMENT_TARGET = 14.2;
				MTL_ENABLE_DEBUG_INFO = INCLUDE_SOURCE;
				MTL_FAST_MATH = YES;
				ONLY_ACTIVE_ARCH = YES;
				SDKROOT = iphoneos;
				SWIFT_ACTIVE_COMPILATION_CONDITIONS = DEBUG;
				SWIFT_OPTIMIZATION_LEVEL = "-Onone";
			};
			name = Debug;
		};
		104B54CE25A9376400C478ED /* Release */ = {
			isa = XCBuildConfiguration;
			buildSettings = {
				ALWAYS_SEARCH_USER_PATHS = NO;
				CLANG_ANALYZER_NONNULL = YES;
				CLANG_ANALYZER_NUMBER_OBJECT_CONVERSION = YES_AGGRESSIVE;
				CLANG_CXX_LANGUAGE_STANDARD = "gnu++14";
				CLANG_CXX_LIBRARY = "libc++";
				CLANG_ENABLE_MODULES = YES;
				CLANG_ENABLE_OBJC_ARC = YES;
				CLANG_ENABLE_OBJC_WEAK = YES;
				CLANG_WARN_BLOCK_CAPTURE_AUTORELEASING = YES;
				CLANG_WARN_BOOL_CONVERSION = YES;
				CLANG_WARN_COMMA = YES;
				CLANG_WARN_CONSTANT_CONVERSION = YES;
				CLANG_WARN_DEPRECATED_OBJC_IMPLEMENTATIONS = YES;
				CLANG_WARN_DIRECT_OBJC_ISA_USAGE = YES_ERROR;
				CLANG_WARN_DOCUMENTATION_COMMENTS = YES;
				CLANG_WARN_EMPTY_BODY = YES;
				CLANG_WARN_ENUM_CONVERSION = YES;
				CLANG_WARN_INFINITE_RECURSION = YES;
				CLANG_WARN_INT_CONVERSION = YES;
				CLANG_WARN_NON_LITERAL_NULL_CONVERSION = YES;
				CLANG_WARN_OBJC_IMPLICIT_RETAIN_SELF = YES;
				CLANG_WARN_OBJC_LITERAL_CONVERSION = YES;
				CLANG_WARN_OBJC_ROOT_CLASS = YES_ERROR;
				CLANG_WARN_QUOTED_INCLUDE_IN_FRAMEWORK_HEADER = YES;
				CLANG_WARN_RANGE_LOOP_ANALYSIS = YES;
				CLANG_WARN_STRICT_PROTOTYPES = YES;
				CLANG_WARN_SUSPICIOUS_MOVE = YES;
				CLANG_WARN_UNGUARDED_AVAILABILITY = YES_AGGRESSIVE;
				CLANG_WARN_UNREACHABLE_CODE = YES;
				CLANG_WARN__DUPLICATE_METHOD_MATCH = YES;
				COPY_PHASE_STRIP = NO;
				DEBUG_INFORMATION_FORMAT = "dwarf-with-dsym";
				ENABLE_NS_ASSERTIONS = NO;
				ENABLE_STRICT_OBJC_MSGSEND = YES;
				GCC_C_LANGUAGE_STANDARD = gnu11;
				GCC_NO_COMMON_BLOCKS = YES;
				GCC_WARN_64_TO_32_BIT_CONVERSION = YES;
				GCC_WARN_ABOUT_RETURN_TYPE = YES_ERROR;
				GCC_WARN_UNDECLARED_SELECTOR = YES;
				GCC_WARN_UNINITIALIZED_AUTOS = YES_AGGRESSIVE;
				GCC_WARN_UNUSED_FUNCTION = YES;
				GCC_WARN_UNUSED_VARIABLE = YES;
				IPHONEOS_DEPLOYMENT_TARGET = 14.2;
				MTL_ENABLE_DEBUG_INFO = NO;
				MTL_FAST_MATH = YES;
				SDKROOT = iphoneos;
				SWIFT_COMPILATION_MODE = wholemodule;
				SWIFT_OPTIMIZATION_LEVEL = "-O";
				VALIDATE_PRODUCT = YES;
			};
			name = Release;
		};
		104B54D025A9376400C478ED /* Debug */ = {
			isa = XCBuildConfiguration;
			buildSettings = {
				ASSETCATALOG_COMPILER_APPICON_NAME = AppIcon;
				ASSETCATALOG_COMPILER_GLOBAL_ACCENT_COLOR_NAME = AccentColor;
				CODE_SIGN_STYLE = Automatic;
				DEVELOPMENT_ASSET_PATHS = "\"SwiftUINavigation/Preview Content\"";
				DEVELOPMENT_TEAM = 69FAF79796;
				ENABLE_PREVIEWS = YES;
				INFOPLIST_FILE = SwiftUINavigation/Info.plist;
				IPHONEOS_DEPLOYMENT_TARGET = 14.0;
				LD_RUNPATH_SEARCH_PATHS = (
					"$(inherited)",
					"@executable_path/Frameworks",
				);
				PRODUCT_BUNDLE_IDENTIFIER = com.techchee.apps.swiftuitut.SwiftUINavigation;
				PRODUCT_NAME = "$(TARGET_NAME)";
				SWIFT_VERSION = 5.0;
				TARGETED_DEVICE_FAMILY = "1,2";
			};
			name = Debug;
		};
		104B54D125A9376400C478ED /* Release */ = {
			isa = XCBuildConfiguration;
			buildSettings = {
				ASSETCATALOG_COMPILER_APPICON_NAME = AppIcon;
				ASSETCATALOG_COMPILER_GLOBAL_ACCENT_COLOR_NAME = AccentColor;
				CODE_SIGN_STYLE = Automatic;
				DEVELOPMENT_ASSET_PATHS = "\"SwiftUINavigation/Preview Content\"";
				DEVELOPMENT_TEAM = 69FAF79796;
				ENABLE_PREVIEWS = YES;
				INFOPLIST_FILE = SwiftUINavigation/Info.plist;
				IPHONEOS_DEPLOYMENT_TARGET = 14.0;
				LD_RUNPATH_SEARCH_PATHS = (
					"$(inherited)",
					"@executable_path/Frameworks",
				);
				PRODUCT_BUNDLE_IDENTIFIER = com.techchee.apps.swiftuitut.SwiftUINavigation;
				PRODUCT_NAME = "$(TARGET_NAME)";
				SWIFT_VERSION = 5.0;
				TARGETED_DEVICE_FAMILY = "1,2";
			};
			name = Release;
		};
/* End XCBuildConfiguration section */

/* Begin XCConfigurationList section */
		104B54BB25A9376300C478ED /* Build configuration list for PBXProject "SwiftUINavigation" */ = {
			isa = XCConfigurationList;
			buildConfigurations = (
				104B54CD25A9376400C478ED /* Debug */,
				104B54CE25A9376400C478ED /* Release */,
			);
			defaultConfigurationIsVisible = 0;
			defaultConfigurationName = Release;
		};
		104B54CF25A9376400C478ED /* Build configuration list for PBXNativeTarget "SwiftUINavigation" */ = {
			isa = XCConfigurationList;
			buildConfigurations = (
				104B54D025A9376400C478ED /* Debug */,
				104B54D125A9376400C478ED /* Release */,
			);
			defaultConfigurationIsVisible = 0;
			defaultConfigurationName = Release;
		};
/* End XCConfigurationList section */
	};
	rootObject = 104B54B825A9376300C478ED /* Project object */;
}
